{
  "name": "bean",
  "lockfileVersion": 2,
  "requires": true,
  "packages": {
    "": {
      "dependencies": {
        "@types/w3c-web-serial": "^1.0.3"
      }
    },
    "node_modules/@types/w3c-web-serial": {
      "version": "1.0.3",
      "resolved": "https://registry.npmjs.org/@types/w3c-web-serial/-/w3c-web-serial-1.0.3.tgz",
      "integrity": "sha512-R4J/OjqKAUFQoXVIkaUTfzb/sl6hLh/ZhDTfowJTRMa7LhgEmI/jXV4zsL1u8HpNa853BxwNmDIr0pauizzwSQ=="
    }
  },
  "dependencies": {
    "@types/w3c-web-serial": {
      "version": "1.0.3",
      "resolved": "https://registry.npmjs.org/@types/w3c-web-serial/-/w3c-web-serial-1.0.3.tgz",
      "integrity": "sha512-R4J/OjqKAUFQoXVIkaUTfzb/sl6hLh/ZhDTfowJTRMa7LhgEmI/jXV4zsL1u8HpNa853BxwNmDIr0pauizzwSQ=="
    }
  }
}
